schema: '2.0'
stages:
  data_ingestion:
    cmd: python src/data_ingestion.py
    deps:
    - path: params.yaml
      hash: md5
      md5: 79bf4fa21e387bd366d4d6c3aeb0e98e
      size: 140
    - path: src/data_ingestion.py
      hash: md5
      md5: 5150d3b1f77e287f19bd4e3a4cbbba60
      size: 3639
    params:
      params.yaml:
        data_ingestion.test_size: 0.25
    outs:
    - path: data/raw/test.csv
      hash: md5
      md5: b2ea2aec2e7de1f329e633f531f0dd92
      size: 121003
    - path: data/raw/train.csv
      hash: md5
      md5: cf686f97aaad889cdef811e0575e5f72
      size: 363843
  data_preprocessing:
    cmd: python src/data_preprocess.py
    deps:
    - path: data/raw/test.csv
      hash: md5
      md5: b2ea2aec2e7de1f329e633f531f0dd92
      size: 121003
    - path: data/raw/train.csv
      hash: md5
      md5: cf686f97aaad889cdef811e0575e5f72
      size: 363843
    - path: src/data_preprocess.py
      hash: md5
      md5: ae0059b79590609927f72e3c373f1865
      size: 3973
    outs:
    - path: data/interim/test_processed.csv
      hash: md5
      md5: 692e3645a2fe90332eea7b0a181a1854
      size: 68516
    - path: data/interim/train_processed.csv
      hash: md5
      md5: 0c263159f8534bfb899b9c039b316ad3
      size: 192924
  feature_engineering:
    cmd: python src/feature_engineering.py
    deps:
    - path: data/interim/test_processed.csv
      hash: md5
      md5: 692e3645a2fe90332eea7b0a181a1854
      size: 68516
    - path: data/interim/train_processed.csv
      hash: md5
      md5: 0c263159f8534bfb899b9c039b316ad3
      size: 192924
    - path: params.yaml
      hash: md5
      md5: 79bf4fa21e387bd366d4d6c3aeb0e98e
      size: 140
    - path: src/feature_engineering.py
      hash: md5
      md5: cf8448c21ab5f64a81b288de0c331814
      size: 3910
    params:
      params.yaml:
        feature_engineering.max_features: 50
    outs:
    - path: data/processed/test_tfidf.csv
      hash: md5
      md5: 5c719824ff811b7e1fb56c312cb75cae
      size: 306590
    - path: data/processed/train_tfidf.csv
      hash: md5
      md5: d770e2300917785664b7f88f163076bf
      size: 877189
  model_building:
    cmd: python src/model_building.py
    deps:
    - path: data/processed/train_tfidf.csv
      hash: md5
      md5: d770e2300917785664b7f88f163076bf
      size: 877189
    - path: params.yaml
      hash: md5
      md5: 79bf4fa21e387bd366d4d6c3aeb0e98e
      size: 140
    - path: src/model_building.py
      hash: md5
      md5: b8211d4fca24abd0f09602108ec58924
      size: 4423
    params:
      params.yaml:
        model_building.n_estimators: 30
        model_building.random_state: 2
    outs:
    - path: models/model.pkl
      hash: md5
      md5: 17a57deaed1f4b5731609be4286cdc93
      size: 1143617
  model_evaluation:
    cmd: python src/model_evaluation.py
    deps:
    - path: data/processed/test_tfidf.csv
      hash: md5
      md5: 5c719824ff811b7e1fb56c312cb75cae
      size: 306590
    - path: models/model.pkl
      hash: md5
      md5: 17a57deaed1f4b5731609be4286cdc93
      size: 1143617
    - path: params.yaml
      hash: md5
      md5: 79bf4fa21e387bd366d4d6c3aeb0e98e
      size: 140
    - path: src/model_evaluation.py
      hash: md5
      md5: 5c746112b597a2b49c6724d465785f93
      size: 4677
    outs:
    - path: reports/metrics.json
      hash: md5
      md5: b1073427316dab14b897e99cdbfb4b03
      size: 143
